
Microsoft Visual Studio Solution File, Format Version 12.00
# Visual Studio Version 17
VisualStudioVersion = 17.0.31903.59
MinimumVisualStudioVersion = 10.0.40219.1
Project("{2150E333-8FDC-42A3-9474-1A3956D46DE8}") = "src", "src", "{C671B25F-012E-412E-AE69-423C9FCF1F19}"
EndProject
Project("{2150E333-8FDC-42A3-9474-1A3956D46DE8}") = "Services", "Services", "{D5E39A08-C301-41C9-B111-FA98863C6078}"
EndProject
Project("{2150E333-8FDC-42A3-9474-1A3956D46DE8}") = "FoodType", "FoodType", "{92323069-D111-45F5-862B-2B20EF6E7A8D}"
EndProject
Project("{FAE04EC0-301F-11D3-BF4B-00C04F79EFBC}") = "FoodType.API", "src\Services\FoodType\FoodType.API\FoodType.API.csproj", "{53E075E6-FCC9-41F6-A753-C8AB07C1E390}"
EndProject
Project("{2150E333-8FDC-42A3-9474-1A3956D46DE8}") = "FoodOrder", "FoodOrder", "{DB263511-283A-4FD0-847A-FCB46AB232AA}"
EndProject
Project("{FAE04EC0-301F-11D3-BF4B-00C04F79EFBC}") = "FoodOrder.API", "src\Services\FoodOrder\FoodOrder.API\FoodOrder.API.csproj", "{DD086D62-78CA-4BC3-A3FC-5DD2C3ADE76F}"
EndProject
Project("{2150E333-8FDC-42A3-9474-1A3956D46DE8}") = "Student", "Student", "{7BB4418A-18FA-449F-9575-351A2B2A54EB}"
EndProject
Project("{FAE04EC0-301F-11D3-BF4B-00C04F79EFBC}") = "Student.API", "src\Services\Student\Student.API\Student.API.csproj", "{68901460-7286-42EF-B689-CC308AD4DA83}"
EndProject
Project("{2150E333-8FDC-42A3-9474-1A3956D46DE8}") = "Receipt", "Receipt", "{C01BF8F5-62ED-454B-BA04-2B6F5F8733B6}"
EndProject
Project("{FAE04EC0-301F-11D3-BF4B-00C04F79EFBC}") = "Receipt.API", "src\Services\Receipt\Receipt.API\Receipt.API.csproj", "{B0210C65-F88B-4815-8BDE-93540E6E355E}"
EndProject
Global
	GlobalSection(SolutionConfigurationPlatforms) = preSolution
		Debug|Any CPU = Debug|Any CPU
		Release|Any CPU = Release|Any CPU
	EndGlobalSection
	GlobalSection(ProjectConfigurationPlatforms) = postSolution
		{53E075E6-FCC9-41F6-A753-C8AB07C1E390}.Debug|Any CPU.ActiveCfg = Debug|Any CPU
		{53E075E6-FCC9-41F6-A753-C8AB07C1E390}.Debug|Any CPU.Build.0 = Debug|Any CPU
		{53E075E6-FCC9-41F6-A753-C8AB07C1E390}.Release|Any CPU.ActiveCfg = Release|Any CPU
		{53E075E6-FCC9-41F6-A753-C8AB07C1E390}.Release|Any CPU.Build.0 = Release|Any CPU
		{DD086D62-78CA-4BC3-A3FC-5DD2C3ADE76F}.Debug|Any CPU.ActiveCfg = Debug|Any CPU
		{DD086D62-78CA-4BC3-A3FC-5DD2C3ADE76F}.Debug|Any CPU.Build.0 = Debug|Any CPU
		{DD086D62-78CA-4BC3-A3FC-5DD2C3ADE76F}.Release|Any CPU.ActiveCfg = Release|Any CPU
		{DD086D62-78CA-4BC3-A3FC-5DD2C3ADE76F}.Release|Any CPU.Build.0 = Release|Any CPU
		{68901460-7286-42EF-B689-CC308AD4DA83}.Debug|Any CPU.ActiveCfg = Debug|Any CPU
		{68901460-7286-42EF-B689-CC308AD4DA83}.Debug|Any CPU.Build.0 = Debug|Any CPU
		{68901460-7286-42EF-B689-CC308AD4DA83}.Release|Any CPU.ActiveCfg = Release|Any CPU
		{68901460-7286-42EF-B689-CC308AD4DA83}.Release|Any CPU.Build.0 = Release|Any CPU
		{B0210C65-F88B-4815-8BDE-93540E6E355E}.Debug|Any CPU.ActiveCfg = Debug|Any CPU
		{B0210C65-F88B-4815-8BDE-93540E6E355E}.Debug|Any CPU.Build.0 = Debug|Any CPU
		{B0210C65-F88B-4815-8BDE-93540E6E355E}.Release|Any CPU.ActiveCfg = Release|Any CPU
		{B0210C65-F88B-4815-8BDE-93540E6E355E}.Release|Any CPU.Build.0 = Release|Any CPU
	EndGlobalSection
	GlobalSection(SolutionProperties) = preSolution
		HideSolutionNode = FALSE
	EndGlobalSection
	GlobalSection(NestedProjects) = preSolution
		{D5E39A08-C301-41C9-B111-FA98863C6078} = {C671B25F-012E-412E-AE69-423C9FCF1F19}
		{92323069-D111-45F5-862B-2B20EF6E7A8D} = {D5E39A08-C301-41C9-B111-FA98863C6078}
		{53E075E6-FCC9-41F6-A753-C8AB07C1E390} = {92323069-D111-45F5-862B-2B20EF6E7A8D}
		{DB263511-283A-4FD0-847A-FCB46AB232AA} = {D5E39A08-C301-41C9-B111-FA98863C6078}
		{DD086D62-78CA-4BC3-A3FC-5DD2C3ADE76F} = {DB263511-283A-4FD0-847A-FCB46AB232AA}
		{7BB4418A-18FA-449F-9575-351A2B2A54EB} = {D5E39A08-C301-41C9-B111-FA98863C6078}
		{68901460-7286-42EF-B689-CC308AD4DA83} = {7BB4418A-18FA-449F-9575-351A2B2A54EB}
		{C01BF8F5-62ED-454B-BA04-2B6F5F8733B6} = {D5E39A08-C301-41C9-B111-FA98863C6078}
		{B0210C65-F88B-4815-8BDE-93540E6E355E} = {C01BF8F5-62ED-454B-BA04-2B6F5F8733B6}
	EndGlobalSection
EndGlobal
